{
  "name": "mongotest",
  "version": "1.0.0",
  "lockfileVersion": 1,
  "requires": true,
  "dependencies": {
    "express-mongo-sanitize": {
      "version": "2.0.0",
      "resolved": "https://registry.npmjs.org/express-mongo-sanitize/-/express-mongo-sanitize-2.0.0.tgz",
      "integrity": "sha512-tqGqnKsibDfKqypC6QDYjp4VRLqtTlwuHDfK7KECZvq9fDOq8yi0MdzCJe2DWhv54/IoQV+7uXR7h9eD+Fc5LA=="
    },
    "sanit": {
      "version": "file:../sanit"
    }
  }
}
